PODS:
  - IQKeyboardManager (6.5.6)
  - SwiftLint (0.41.0)

DEPENDENCIES:
  - IQKeyboardManager
  - SwiftLint

SPEC REPOS:
  trunk:
    - IQKeyboardManager
    - SwiftLint

SPEC CHECKSUMS:
  IQKeyboardManager: 2a6e97afdafc7becf0cb17a9a8d795e3a980717f
  SwiftLint: c585ebd615d9520d7fbdbe151f527977b0534f1e

PODFILE CHECKSUM: 3f52a38fd2192d741f4b1936254a067bf823b8b4

COCOAPODS: 1.10.0
