// !$*UTF8*$!
{
	archiveVersion = 1;
	classes = {
	};
	objectVersion = 51;
	objects = {

/* Begin PBXBuildFile section */
		20E17D849999323365E9C5EF /* Pods_Real.framework in Frameworks */ = {isa = PBXBuildFile; fileRef = 991868546339BBFFA8860D66 /* Pods_Real.framework */; };
		2408F4D025758D3F00D6C2F4 /* AddNewPostViewController.swift in Sources */ = {isa = PBXBuildFile; fileRef = 2408F4CF25758D3F00D6C2F4 /* AddNewPostViewController.swift */; };
		2408F4D425758DFD00D6C2F4 /* PostTitleTableViewCell.swift in Sources */ = {isa = PBXBuildFile; fileRef = 2408F4D325758DFD00D6C2F4 /* PostTitleTableViewCell.swift */; };
		2408F4D725758E0500D6C2F4 /* PostContentTableViewCell.swift in Sources */ = {isa = PBXBuildFile; fileRef = 2408F4D625758E0500D6C2F4 /* PostContentTableViewCell.swift */; };
		241E8F3B257438DF0046F831 /* TopicViewController.swift in Sources */ = {isa = PBXBuildFile; fileRef = 241E8F3A257438DF0046F831 /* TopicViewController.swift */; };
		243DA98825736216007142EA /* CommentTableViewCell.xib in Resources */ = {isa = PBXBuildFile; fileRef = 243DA98625736216007142EA /* CommentTableViewCell.xib */; };
		243DA98925736216007142EA /* CommentTableViewCell.swift in Sources */ = {isa = PBXBuildFile; fileRef = 243DA98725736216007142EA /* CommentTableViewCell.swift */; };
		243DA98C2573621B007142EA /* PostDetailsViewController.swift in Sources */ = {isa = PBXBuildFile; fileRef = 243DA98B2573621B007142EA /* PostDetailsViewController.swift */; };
		2453AC332576275800DAC156 /* GoogleService-Info.plist in Resources */ = {isa = PBXBuildFile; fileRef = 2453AC322576275800DAC156 /* GoogleService-Info.plist */; };
		24568443256E7BC100FB7D3D /* HomeViewController.swift in Sources */ = {isa = PBXBuildFile; fileRef = 24568442256E7BC100FB7D3D /* HomeViewController.swift */; };
		2461EA86256F93B800AD99F6 /* String+Extension.swift in Sources */ = {isa = PBXBuildFile; fileRef = 2461EA85256F93B800AD99F6 /* String+Extension.swift */; };
		2461EA89256FACF900AD99F6 /* UITableViewCell+Extension.swift in Sources */ = {isa = PBXBuildFile; fileRef = 2461EA88256FACF900AD99F6 /* UITableViewCell+Extension.swift */; };
		2484EBD4256FD17300BA37F3 /* MainTabBarViewController.swift in Sources */ = {isa = PBXBuildFile; fileRef = 2484EBD3256FD17300BA37F3 /* MainTabBarViewController.swift */; };
		2484EBD7256FDD9C00BA37F3 /* VoteView.swift in Sources */ = {isa = PBXBuildFile; fileRef = 2484EBD6256FDD9C00BA37F3 /* VoteView.swift */; };
		24997992256F0ABA00B11DCF /* PostTableViewCell.swift in Sources */ = {isa = PBXBuildFile; fileRef = 24997990256F0ABA00B11DCF /* PostTableViewCell.swift */; };
		24997993256F0ABA00B11DCF /* PostTableViewCell.xib in Resources */ = {isa = PBXBuildFile; fileRef = 24997991256F0ABA00B11DCF /* PostTableViewCell.xib */; };
		24997998256F36B700B11DCF /* UITableView+Extension.swift in Sources */ = {isa = PBXBuildFile; fileRef = 24997997256F36B700B11DCF /* UITableView+Extension.swift */; };
		249D938925710C0A003F4DAB /* UIView+Extension.swift in Sources */ = {isa = PBXBuildFile; fileRef = 249D938825710C0A003F4DAB /* UIView+Extension.swift */; };
		24AE9B0925759F14009A3C5E /* NotificationCenterViewController.swift in Sources */ = {isa = PBXBuildFile; fileRef = 24AE9B0825759F14009A3C5E /* NotificationCenterViewController.swift */; };
		24AE9B0D25759F3A009A3C5E /* Post.swift in Sources */ = {isa = PBXBuildFile; fileRef = 24AE9B0C25759F3A009A3C5E /* Post.swift */; };
		24AE9B1025759F9D009A3C5E /* User.swift in Sources */ = {isa = PBXBuildFile; fileRef = 24AE9B0F25759F9D009A3C5E /* User.swift */; };
		24AE9B132575A961009A3C5E /* UILabel+Extension.swift in Sources */ = {isa = PBXBuildFile; fileRef = 24AE9B122575A961009A3C5E /* UILabel+Extension.swift */; };
		24B9B6D2256E537C005919A3 /* AppDelegate.swift in Sources */ = {isa = PBXBuildFile; fileRef = 24B9B6D1256E537C005919A3 /* AppDelegate.swift */; };
		24B9B6D4256E537C005919A3 /* SceneDelegate.swift in Sources */ = {isa = PBXBuildFile; fileRef = 24B9B6D3256E537C005919A3 /* SceneDelegate.swift */; };
		24B9B6D9256E537C005919A3 /* Main.storyboard in Resources */ = {isa = PBXBuildFile; fileRef = 24B9B6D7256E537C005919A3 /* Main.storyboard */; };
		24B9B6DC256E537C005919A3 /* Real.xcdatamodeld in Sources */ = {isa = PBXBuildFile; fileRef = 24B9B6DA256E537C005919A3 /* Real.xcdatamodeld */; };
		24B9B6DE256E537F005919A3 /* Assets.xcassets in Resources */ = {isa = PBXBuildFile; fileRef = 24B9B6DD256E537F005919A3 /* Assets.xcassets */; };
		24B9B6E1256E537F005919A3 /* LaunchScreen.storyboard in Resources */ = {isa = PBXBuildFile; fileRef = 24B9B6DF256E537F005919A3 /* LaunchScreen.storyboard */; };
		24C604622573EEA200279877 /* UITextField+Customize.swift in Sources */ = {isa = PBXBuildFile; fileRef = 24C604612573EEA200279877 /* UITextField+Customize.swift */; };
		24C6047025740DB000279877 /* BaseViewController.swift in Sources */ = {isa = PBXBuildFile; fileRef = 24C6046F25740DB000279877 /* BaseViewController.swift */; };
		24EDAE6425762EA100AC7427 /* FirebaseManager.swift in Sources */ = {isa = PBXBuildFile; fileRef = 24EDAE6325762EA100AC7427 /* FirebaseManager.swift */; };
/* End PBXBuildFile section */

/* Begin PBXFileReference section */
		2408F4CF25758D3F00D6C2F4 /* AddNewPostViewController.swift */ = {isa = PBXFileReference; lastKnownFileType = sourcecode.swift; path = AddNewPostViewController.swift; sourceTree = "<group>"; };
		2408F4D325758DFD00D6C2F4 /* PostTitleTableViewCell.swift */ = {isa = PBXFileReference; lastKnownFileType = sourcecode.swift; path = PostTitleTableViewCell.swift; sourceTree = "<group>"; };
		2408F4D625758E0500D6C2F4 /* PostContentTableViewCell.swift */ = {isa = PBXFileReference; lastKnownFileType = sourcecode.swift; path = PostContentTableViewCell.swift; sourceTree = "<group>"; };
		241E8F3A257438DF0046F831 /* TopicViewController.swift */ = {isa = PBXFileReference; lastKnownFileType = sourcecode.swift; path = TopicViewController.swift; sourceTree = "<group>"; };
		243DA98625736216007142EA /* CommentTableViewCell.xib */ = {isa = PBXFileReference; fileEncoding = 4; lastKnownFileType = file.xib; path = CommentTableViewCell.xib; sourceTree = "<group>"; };
		243DA98725736216007142EA /* CommentTableViewCell.swift */ = {isa = PBXFileReference; fileEncoding = 4; lastKnownFileType = sourcecode.swift; path = CommentTableViewCell.swift; sourceTree = "<group>"; };
		243DA98B2573621B007142EA /* PostDetailsViewController.swift */ = {isa = PBXFileReference; fileEncoding = 4; lastKnownFileType = sourcecode.swift; path = PostDetailsViewController.swift; sourceTree = "<group>"; };
		2453AC322576275800DAC156 /* GoogleService-Info.plist */ = {isa = PBXFileReference; fileEncoding = 4; lastKnownFileType = text.plist.xml; path = "GoogleService-Info.plist"; sourceTree = "<group>"; };
		24568442256E7BC100FB7D3D /* HomeViewController.swift */ = {isa = PBXFileReference; lastKnownFileType = sourcecode.swift; path = HomeViewController.swift; sourceTree = "<group>"; };
		2461EA85256F93B800AD99F6 /* String+Extension.swift */ = {isa = PBXFileReference; lastKnownFileType = sourcecode.swift; path = "String+Extension.swift"; sourceTree = "<group>"; };
		2461EA88256FACF900AD99F6 /* UITableViewCell+Extension.swift */ = {isa = PBXFileReference; lastKnownFileType = sourcecode.swift; path = "UITableViewCell+Extension.swift"; sourceTree = "<group>"; };
		2484EBD3256FD17300BA37F3 /* MainTabBarViewController.swift */ = {isa = PBXFileReference; lastKnownFileType = sourcecode.swift; path = MainTabBarViewController.swift; sourceTree = "<group>"; };
		2484EBD6256FDD9C00BA37F3 /* VoteView.swift */ = {isa = PBXFileReference; lastKnownFileType = sourcecode.swift; path = VoteView.swift; sourceTree = "<group>"; };
		24997990256F0ABA00B11DCF /* PostTableViewCell.swift */ = {isa = PBXFileReference; lastKnownFileType = sourcecode.swift; path = PostTableViewCell.swift; sourceTree = "<group>"; };
		24997991256F0ABA00B11DCF /* PostTableViewCell.xib */ = {isa = PBXFileReference; lastKnownFileType = file.xib; path = PostTableViewCell.xib; sourceTree = "<group>"; };
		24997997256F36B700B11DCF /* UITableView+Extension.swift */ = {isa = PBXFileReference; lastKnownFileType = sourcecode.swift; path = "UITableView+Extension.swift"; sourceTree = "<group>"; };
		249D938825710C0A003F4DAB /* UIView+Extension.swift */ = {isa = PBXFileReference; lastKnownFileType = sourcecode.swift; path = "UIView+Extension.swift"; sourceTree = "<group>"; };
		24AE9B0825759F14009A3C5E /* NotificationCenterViewController.swift */ = {isa = PBXFileReference; lastKnownFileType = sourcecode.swift; path = NotificationCenterViewController.swift; sourceTree = "<group>"; };
		24AE9B0C25759F3A009A3C5E /* Post.swift */ = {isa = PBXFileReference; lastKnownFileType = sourcecode.swift; path = Post.swift; sourceTree = "<group>"; };
		24AE9B0F25759F9D009A3C5E /* User.swift */ = {isa = PBXFileReference; lastKnownFileType = sourcecode.swift; path = User.swift; sourceTree = "<group>"; };
		24AE9B122575A961009A3C5E /* UILabel+Extension.swift */ = {isa = PBXFileReference; lastKnownFileType = sourcecode.swift; path = "UILabel+Extension.swift"; sourceTree = "<group>"; };
		24B9B6CE256E537C005919A3 /* Real.app */ = {isa = PBXFileReference; explicitFileType = wrapper.application; includeInIndex = 0; path = Real.app; sourceTree = BUILT_PRODUCTS_DIR; };
		24B9B6D1256E537C005919A3 /* AppDelegate.swift */ = {isa = PBXFileReference; lastKnownFileType = sourcecode.swift; path = AppDelegate.swift; sourceTree = "<group>"; };
		24B9B6D3256E537C005919A3 /* SceneDelegate.swift */ = {isa = PBXFileReference; lastKnownFileType = sourcecode.swift; path = SceneDelegate.swift; sourceTree = "<group>"; };
		24B9B6D8256E537C005919A3 /* Base */ = {isa = PBXFileReference; lastKnownFileType = file.storyboard; name = Base; path = Base.lproj/Main.storyboard; sourceTree = "<group>"; };
		24B9B6DB256E537C005919A3 /* Real.xcdatamodel */ = {isa = PBXFileReference; lastKnownFileType = wrapper.xcdatamodel; path = Real.xcdatamodel; sourceTree = "<group>"; };
		24B9B6DD256E537F005919A3 /* Assets.xcassets */ = {isa = PBXFileReference; lastKnownFileType = folder.assetcatalog; path = Assets.xcassets; sourceTree = "<group>"; };
		24B9B6E0256E537F005919A3 /* Base */ = {isa = PBXFileReference; lastKnownFileType = file.storyboard; name = Base; path = Base.lproj/LaunchScreen.storyboard; sourceTree = "<group>"; };
		24B9B6E2256E537F005919A3 /* Info.plist */ = {isa = PBXFileReference; lastKnownFileType = text.plist.xml; path = Info.plist; sourceTree = "<group>"; };
		24C604612573EEA200279877 /* UITextField+Customize.swift */ = {isa = PBXFileReference; lastKnownFileType = sourcecode.swift; path = "UITextField+Customize.swift"; sourceTree = "<group>"; };
		24C6046F25740DB000279877 /* BaseViewController.swift */ = {isa = PBXFileReference; lastKnownFileType = sourcecode.swift; path = BaseViewController.swift; sourceTree = "<group>"; };
		24EDAE6325762EA100AC7427 /* FirebaseManager.swift */ = {isa = PBXFileReference; lastKnownFileType = sourcecode.swift; path = FirebaseManager.swift; sourceTree = "<group>"; };
		6587CACFAF6D25789F844415 /* Pods-Real.debug.xcconfig */ = {isa = PBXFileReference; includeInIndex = 1; lastKnownFileType = text.xcconfig; name = "Pods-Real.debug.xcconfig"; path = "Target Support Files/Pods-Real/Pods-Real.debug.xcconfig"; sourceTree = "<group>"; };
		7A9388F2583D70D3E8EEFDB6 /* Pods-Real.release.xcconfig */ = {isa = PBXFileReference; includeInIndex = 1; lastKnownFileType = text.xcconfig; name = "Pods-Real.release.xcconfig"; path = "Target Support Files/Pods-Real/Pods-Real.release.xcconfig"; sourceTree = "<group>"; };
		991868546339BBFFA8860D66 /* Pods_Real.framework */ = {isa = PBXFileReference; explicitFileType = wrapper.framework; includeInIndex = 0; path = Pods_Real.framework; sourceTree = BUILT_PRODUCTS_DIR; };
/* End PBXFileReference section */

/* Begin PBXFrameworksBuildPhase section */
		24B9B6CB256E537C005919A3 /* Frameworks */ = {
			isa = PBXFrameworksBuildPhase;
			buildActionMask = 2147483647;
			files = (
				20E17D849999323365E9C5EF /* Pods_Real.framework in Frameworks */,
			);
			runOnlyForDeploymentPostprocessing = 0;
		};
/* End PBXFrameworksBuildPhase section */

/* Begin PBXGroup section */
		08CBFCB9665A179A058C5321 /* Frameworks */ = {
			isa = PBXGroup;
			children = (
				991868546339BBFFA8860D66 /* Pods_Real.framework */,
			);
			name = Frameworks;
			sourceTree = "<group>";
		};
		2408F4D225758DE500D6C2F4 /* AddNewPost */ = {
			isa = PBXGroup;
			children = (
				2408F4D325758DFD00D6C2F4 /* PostTitleTableViewCell.swift */,
				2408F4D625758E0500D6C2F4 /* PostContentTableViewCell.swift */,
			);
			path = AddNewPost;
			sourceTree = "<group>";
		};
		241F7C032574D6FF00245F21 /* Model */ = {
			isa = PBXGroup;
			children = (
				24EDAE6625762EA800AC7427 /* Firebase */,
				24AE9B0B25759F25009A3C5E /* CoreData */,
				24AE9B0C25759F3A009A3C5E /* Post.swift */,
				24AE9B0F25759F9D009A3C5E /* User.swift */,
			);
			path = Model;
			sourceTree = "<group>";
		};
		2456844C256E7D2600FB7D3D /* Cell */ = {
			isa = PBXGroup;
			children = (
				2408F4D225758DE500D6C2F4 /* AddNewPost */,
				248604392573A35900802283 /* Comment */,
				248604382573A34E00802283 /* Post */,
			);
			path = Cell;
			sourceTree = "<group>";
		};
		2456844D256E7D3500FB7D3D /* Controller */ = {
			isa = PBXGroup;
			children = (
				24C604752574205400279877 /* Base */,
				2484EBD3256FD17300BA37F3 /* MainTabBarViewController.swift */,
				24568442256E7BC100FB7D3D /* HomeViewController.swift */,
				243DA98B2573621B007142EA /* PostDetailsViewController.swift */,
				241E8F3A257438DF0046F831 /* TopicViewController.swift */,
				2408F4CF25758D3F00D6C2F4 /* AddNewPostViewController.swift */,
				24AE9B0825759F14009A3C5E /* NotificationCenterViewController.swift */,
			);
			path = Controller;
			sourceTree = "<group>";
		};
		248604382573A34E00802283 /* Post */ = {
			isa = PBXGroup;
			children = (
				24997990256F0ABA00B11DCF /* PostTableViewCell.swift */,
				24997991256F0ABA00B11DCF /* PostTableViewCell.xib */,
			);
			path = Post;
			sourceTree = "<group>";
		};
		248604392573A35900802283 /* Comment */ = {
			isa = PBXGroup;
			children = (
				243DA98725736216007142EA /* CommentTableViewCell.swift */,
				243DA98625736216007142EA /* CommentTableViewCell.xib */,
			);
			path = Comment;
			sourceTree = "<group>";
		};
		2486043C2573A39800802283 /* Vote */ = {
			isa = PBXGroup;
			children = (
				2484EBD6256FDD9C00BA37F3 /* VoteView.swift */,
			);
			path = Vote;
			sourceTree = "<group>";
		};
		2499799B256F36C700B11DCF /* Extension */ = {
			isa = PBXGroup;
			children = (
				2461EA85256F93B800AD99F6 /* String+Extension.swift */,
				24997997256F36B700B11DCF /* UITableView+Extension.swift */,
				2461EA88256FACF900AD99F6 /* UITableViewCell+Extension.swift */,
				249D938825710C0A003F4DAB /* UIView+Extension.swift */,
				24AE9B122575A961009A3C5E /* UILabel+Extension.swift */,
			);
			path = Extension;
			sourceTree = "<group>";
		};
		24AE9B0B25759F25009A3C5E /* CoreData */ = {
			isa = PBXGroup;
			children = (
				24B9B6DA256E537C005919A3 /* Real.xcdatamodeld */,
			);
			path = CoreData;
			sourceTree = "<group>";
		};
		24B9B6C5256E537C005919A3 = {
			isa = PBXGroup;
			children = (
				24B9B6D0256E537C005919A3 /* Real */,
				24B9B6CF256E537C005919A3 /* Products */,
				E32A1C9FE3BDBC507038100B /* Pods */,
				08CBFCB9665A179A058C5321 /* Frameworks */,
			);
			sourceTree = "<group>";
		};
		24B9B6CF256E537C005919A3 /* Products */ = {
			isa = PBXGroup;
			children = (
				24B9B6CE256E537C005919A3 /* Real.app */,
			);
			name = Products;
			sourceTree = "<group>";
		};
		24B9B6D0256E537C005919A3 /* Real */ = {
			isa = PBXGroup;
			children = (
				241F7C032574D6FF00245F21 /* Model */,
				2499799B256F36C700B11DCF /* Extension */,
				2456844D256E7D3500FB7D3D /* Controller */,
				24FA49C7256FB48400C38106 /* View */,
				24B9B6D1256E537C005919A3 /* AppDelegate.swift */,
				24B9B6D3256E537C005919A3 /* SceneDelegate.swift */,
				24B9B6DD256E537F005919A3 /* Assets.xcassets */,
				24B9B6E2256E537F005919A3 /* Info.plist */,
				2453AC322576275800DAC156 /* GoogleService-Info.plist */,
			);
			path = Real;
			sourceTree = "<group>";
		};
		24C604602573EE5100279877 /* CustomKit */ = {
			isa = PBXGroup;
			children = (
				24C604612573EEA200279877 /* UITextField+Customize.swift */,
			);
			path = CustomKit;
			sourceTree = "<group>";
		};
		24C604752574205400279877 /* Base */ = {
			isa = PBXGroup;
			children = (
				24C6046F25740DB000279877 /* BaseViewController.swift */,
			);
			path = Base;
			sourceTree = "<group>";
		};
		24EDAE6625762EA800AC7427 /* Firebase */ = {
			isa = PBXGroup;
			children = (
				24EDAE6325762EA100AC7427 /* FirebaseManager.swift */,
			);
			path = Firebase;
			sourceTree = "<group>";
		};
		24FA49C7256FB48400C38106 /* View */ = {
			isa = PBXGroup;
			children = (
				24C604602573EE5100279877 /* CustomKit */,
				2486043C2573A39800802283 /* Vote */,
				2456844C256E7D2600FB7D3D /* Cell */,
				24B9B6D7256E537C005919A3 /* Main.storyboard */,
				24B9B6DF256E537F005919A3 /* LaunchScreen.storyboard */,
			);
			path = View;
			sourceTree = "<group>";
		};
		E32A1C9FE3BDBC507038100B /* Pods */ = {
			isa = PBXGroup;
			children = (
				6587CACFAF6D25789F844415 /* Pods-Real.debug.xcconfig */,
				7A9388F2583D70D3E8EEFDB6 /* Pods-Real.release.xcconfig */,
			);
			path = Pods;
			sourceTree = "<group>";
		};
/* End PBXGroup section */

/* Begin PBXNativeTarget section */
		24B9B6CD256E537C005919A3 /* Real */ = {
			isa = PBXNativeTarget;
			buildConfigurationList = 24B9B6E5256E537F005919A3 /* Build configuration list for PBXNativeTarget "Real" */;
			buildPhases = (
				2E009AA01AFD108587E06222 /* [CP] Check Pods Manifest.lock */,
				24B9B6CA256E537C005919A3 /* Sources */,
				24B9B6CB256E537C005919A3 /* Frameworks */,
				24B9B6CC256E537C005919A3 /* Resources */,
				E48800EAC5F416F0982F3717 /* [CP] Embed Pods Frameworks */,
				24B9B6FD256E570B005919A3 /* Swift Lint */,
			);
			buildRules = (
			);
			dependencies = (
			);
			name = Real;
			productName = Real;
			productReference = 24B9B6CE256E537C005919A3 /* Real.app */;
			productType = "com.apple.product-type.application";
		};
/* End PBXNativeTarget section */

/* Begin PBXProject section */
		24B9B6C6256E537C005919A3 /* Project object */ = {
			isa = PBXProject;
			attributes = {
				LastSwiftUpdateCheck = 1210;
				LastUpgradeCheck = 1210;
				TargetAttributes = {
					24B9B6CD256E537C005919A3 = {
						CreatedOnToolsVersion = 12.1;
					};
				};
			};
			buildConfigurationList = 24B9B6C9256E537C005919A3 /* Build configuration list for PBXProject "Real" */;
			compatibilityVersion = "Xcode 9.3";
			developmentRegion = en;
			hasScannedForEncodings = 0;
			knownRegions = (
				en,
				Base,
			);
			mainGroup = 24B9B6C5256E537C005919A3;
			productRefGroup = 24B9B6CF256E537C005919A3 /* Products */;
			projectDirPath = "";
			projectRoot = "";
			targets = (
				24B9B6CD256E537C005919A3 /* Real */,
			);
		};
/* End PBXProject section */

/* Begin PBXResourcesBuildPhase section */
		24B9B6CC256E537C005919A3 /* Resources */ = {
			isa = PBXResourcesBuildPhase;
			buildActionMask = 2147483647;
			files = (
				24B9B6E1256E537F005919A3 /* LaunchScreen.storyboard in Resources */,
				24997993256F0ABA00B11DCF /* PostTableViewCell.xib in Resources */,
				24B9B6DE256E537F005919A3 /* Assets.xcassets in Resources */,
				24B9B6D9256E537C005919A3 /* Main.storyboard in Resources */,
				243DA98825736216007142EA /* CommentTableViewCell.xib in Resources */,
				2453AC332576275800DAC156 /* GoogleService-Info.plist in Resources */,
			);
			runOnlyForDeploymentPostprocessing = 0;
		};
/* End PBXResourcesBuildPhase section */

/* Begin PBXShellScriptBuildPhase section */
		24B9B6FD256E570B005919A3 /* Swift Lint */ = {
			isa = PBXShellScriptBuildPhase;
			buildActionMask = 2147483647;
			files = (
			);
			inputFileListPaths = (
			);
			inputPaths = (
			);
			name = "Swift Lint";
			outputFileListPaths = (
			);
			outputPaths = (
			);
			runOnlyForDeploymentPostprocessing = 0;
			shellPath = /bin/sh;
			shellScript = "\"${PODS_ROOT}/SwiftLint/swiftlint\"\n";
		};
		2E009AA01AFD108587E06222 /* [CP] Check Pods Manifest.lock */ = {
			isa = PBXShellScriptBuildPhase;
			buildActionMask = 2147483647;
			files = (
			);
			inputFileListPaths = (
			);
			inputPaths = (
				"${PODS_PODFILE_DIR_PATH}/Podfile.lock",
				"${PODS_ROOT}/Manifest.lock",
			);
			name = "[CP] Check Pods Manifest.lock";
			outputFileListPaths = (
			);
			outputPaths = (
				"$(DERIVED_FILE_DIR)/Pods-Real-checkManifestLockResult.txt",
			);
			runOnlyForDeploymentPostprocessing = 0;
			shellPath = /bin/sh;
			shellScript = "diff \"${PODS_PODFILE_DIR_PATH}/Podfile.lock\" \"${PODS_ROOT}/Manifest.lock\" > /dev/null\nif [ $? != 0 ] ; then\n    # print error to STDERR\n    echo \"error: The sandbox is not in sync with the Podfile.lock. Run 'pod install' or update your CocoaPods installation.\" >&2\n    exit 1\nfi\n# This output is used by Xcode 'outputs' to avoid re-running this script phase.\necho \"SUCCESS\" > \"${SCRIPT_OUTPUT_FILE_0}\"\n";
			showEnvVarsInLog = 0;
		};
		E48800EAC5F416F0982F3717 /* [CP] Embed Pods Frameworks */ = {
			isa = PBXShellScriptBuildPhase;
			buildActionMask = 2147483647;
			files = (
			);
			inputFileListPaths = (
				"${PODS_ROOT}/Target Support Files/Pods-Real/Pods-Real-frameworks-${CONFIGURATION}-input-files.xcfilelist",
			);
			name = "[CP] Embed Pods Frameworks";
			outputFileListPaths = (
				"${PODS_ROOT}/Target Support Files/Pods-Real/Pods-Real-frameworks-${CONFIGURATION}-output-files.xcfilelist",
			);
			runOnlyForDeploymentPostprocessing = 0;
			shellPath = /bin/sh;
			shellScript = "\"${PODS_ROOT}/Target Support Files/Pods-Real/Pods-Real-frameworks.sh\"\n";
			showEnvVarsInLog = 0;
		};
/* End PBXShellScriptBuildPhase section */

/* Begin PBXSourcesBuildPhase section */
		24B9B6CA256E537C005919A3 /* Sources */ = {
			isa = PBXSourcesBuildPhase;
			buildActionMask = 2147483647;
			files = (
				24AE9B0925759F14009A3C5E /* NotificationCenterViewController.swift in Sources */,
				24568443256E7BC100FB7D3D /* HomeViewController.swift in Sources */,
				2461EA86256F93B800AD99F6 /* String+Extension.swift in Sources */,
				24B9B6DC256E537C005919A3 /* Real.xcdatamodeld in Sources */,
				243DA98C2573621B007142EA /* PostDetailsViewController.swift in Sources */,
				2408F4D725758E0500D6C2F4 /* PostContentTableViewCell.swift in Sources */,
				24C6047025740DB000279877 /* BaseViewController.swift in Sources */,
				2484EBD4256FD17300BA37F3 /* MainTabBarViewController.swift in Sources */,
				2461EA89256FACF900AD99F6 /* UITableViewCell+Extension.swift in Sources */,
				24997998256F36B700B11DCF /* UITableView+Extension.swift in Sources */,
				249D938925710C0A003F4DAB /* UIView+Extension.swift in Sources */,
				24AE9B0D25759F3A009A3C5E /* Post.swift in Sources */,
				24EDAE6425762EA100AC7427 /* FirebaseManager.swift in Sources */,
				243DA98925736216007142EA /* CommentTableViewCell.swift in Sources */,
				24C604622573EEA200279877 /* UITextField+Customize.swift in Sources */,
				24B9B6D2256E537C005919A3 /* AppDelegate.swift in Sources */,
				24AE9B132575A961009A3C5E /* UILabel+Extension.swift in Sources */,
				2408F4D425758DFD00D6C2F4 /* PostTitleTableViewCell.swift in Sources */,
				241E8F3B257438DF0046F831 /* TopicViewController.swift in Sources */,
				24B9B6D4256E537C005919A3 /* SceneDelegate.swift in Sources */,
				24AE9B1025759F9D009A3C5E /* User.swift in Sources */,
				2484EBD7256FDD9C00BA37F3 /* VoteView.swift in Sources */,
				24997992256F0ABA00B11DCF /* PostTableViewCell.swift in Sources */,
				2408F4D025758D3F00D6C2F4 /* AddNewPostViewController.swift in Sources */,
			);
			runOnlyForDeploymentPostprocessing = 0;
		};
/* End PBXSourcesBuildPhase section */

/* Begin PBXVariantGroup section */
		24B9B6D7256E537C005919A3 /* Main.storyboard */ = {
			isa = PBXVariantGroup;
			children = (
				24B9B6D8256E537C005919A3 /* Base */,
			);
			name = Main.storyboard;
			sourceTree = "<group>";
		};
		24B9B6DF256E537F005919A3 /* LaunchScreen.storyboard */ = {
			isa = PBXVariantGroup;
			children = (
				24B9B6E0256E537F005919A3 /* Base */,
			);
			name = LaunchScreen.storyboard;
			sourceTree = "<group>";
		};
/* End PBXVariantGroup section */

/* Begin XCBuildConfiguration section */
		24B9B6E3256E537F005919A3 /* Debug */ = {
			isa = XCBuildConfiguration;
			buildSettings = {
				ALWAYS_SEARCH_USER_PATHS = NO;
				CLANG_ANALYZER_NONNULL = YES;
				CLANG_ANALYZER_NUMBER_OBJECT_CONVERSION = YES_AGGRESSIVE;
				CLANG_CXX_LANGUAGE_STANDARD = "gnu++14";
				CLANG_CXX_LIBRARY = "libc++";
				CLANG_ENABLE_MODULES = YES;
				CLANG_ENABLE_OBJC_ARC = YES;
				CLANG_ENABLE_OBJC_WEAK = YES;
				CLANG_WARN_BLOCK_CAPTURE_AUTORELEASING = YES;
				CLANG_WARN_BOOL_CONVERSION = YES;
				CLANG_WARN_COMMA = YES;
				CLANG_WARN_CONSTANT_CONVERSION = YES;
				CLANG_WARN_DEPRECATED_OBJC_IMPLEMENTATIONS = YES;
				CLANG_WARN_DIRECT_OBJC_ISA_USAGE = YES_ERROR;
				CLANG_WARN_DOCUMENTATION_COMMENTS = YES;
				CLANG_WARN_EMPTY_BODY = YES;
				CLANG_WARN_ENUM_CONVERSION = YES;
				CLANG_WARN_INFINITE_RECURSION = YES;
				CLANG_WARN_INT_CONVERSION = YES;
				CLANG_WARN_NON_LITERAL_NULL_CONVERSION = YES;
				CLANG_WARN_OBJC_IMPLICIT_RETAIN_SELF = YES;
				CLANG_WARN_OBJC_LITERAL_CONVERSION = YES;
				CLANG_WARN_OBJC_ROOT_CLASS = YES_ERROR;
				CLANG_WARN_QUOTED_INCLUDE_IN_FRAMEWORK_HEADER = YES;
				CLANG_WARN_RANGE_LOOP_ANALYSIS = YES;
				CLANG_WARN_STRICT_PROTOTYPES = YES;
				CLANG_WARN_SUSPICIOUS_MOVE = YES;
				CLANG_WARN_UNGUARDED_AVAILABILITY = YES_AGGRESSIVE;
				CLANG_WARN_UNREACHABLE_CODE = YES;
				CLANG_WARN__DUPLICATE_METHOD_MATCH = YES;
				COPY_PHASE_STRIP = NO;
				DEBUG_INFORMATION_FORMAT = dwarf;
				ENABLE_STRICT_OBJC_MSGSEND = YES;
				ENABLE_TESTABILITY = YES;
				GCC_C_LANGUAGE_STANDARD = gnu11;
				GCC_DYNAMIC_NO_PIC = NO;
				GCC_NO_COMMON_BLOCKS = YES;
				GCC_OPTIMIZATION_LEVEL = 0;
				GCC_PREPROCESSOR_DEFINITIONS = (
					"DEBUG=1",
					"$(inherited)",
				);
				GCC_WARN_64_TO_32_BIT_CONVERSION = YES;
				GCC_WARN_ABOUT_RETURN_TYPE = YES_ERROR;
				GCC_WARN_UNDECLARED_SELECTOR = YES;
				GCC_WARN_UNINITIALIZED_AUTOS = YES_AGGRESSIVE;
				GCC_WARN_UNUSED_FUNCTION = YES;
				GCC_WARN_UNUSED_VARIABLE = YES;
				IPHONEOS_DEPLOYMENT_TARGET = 14.1;
				MTL_ENABLE_DEBUG_INFO = INCLUDE_SOURCE;
				MTL_FAST_MATH = YES;
				ONLY_ACTIVE_ARCH = YES;
				SDKROOT = iphoneos;
				SWIFT_ACTIVE_COMPILATION_CONDITIONS = DEBUG;
				SWIFT_OPTIMIZATION_LEVEL = "-Onone";
			};
			name = Debug;
		};
		24B9B6E4256E537F005919A3 /* Release */ = {
			isa = XCBuildConfiguration;
			buildSettings = {
				ALWAYS_SEARCH_USER_PATHS = NO;
				CLANG_ANALYZER_NONNULL = YES;
				CLANG_ANALYZER_NUMBER_OBJECT_CONVERSION = YES_AGGRESSIVE;
				CLANG_CXX_LANGUAGE_STANDARD = "gnu++14";
				CLANG_CXX_LIBRARY = "libc++";
				CLANG_ENABLE_MODULES = YES;
				CLANG_ENABLE_OBJC_ARC = YES;
				CLANG_ENABLE_OBJC_WEAK = YES;
				CLANG_WARN_BLOCK_CAPTURE_AUTORELEASING = YES;
				CLANG_WARN_BOOL_CONVERSION = YES;
				CLANG_WARN_COMMA = YES;
				CLANG_WARN_CONSTANT_CONVERSION = YES;
				CLANG_WARN_DEPRECATED_OBJC_IMPLEMENTATIONS = YES;
				CLANG_WARN_DIRECT_OBJC_ISA_USAGE = YES_ERROR;
				CLANG_WARN_DOCUMENTATION_COMMENTS = YES;
				CLANG_WARN_EMPTY_BODY = YES;
				CLANG_WARN_ENUM_CONVERSION = YES;
				CLANG_WARN_INFINITE_RECURSION = YES;
				CLANG_WARN_INT_CONVERSION = YES;
				CLANG_WARN_NON_LITERAL_NULL_CONVERSION = YES;
				CLANG_WARN_OBJC_IMPLICIT_RETAIN_SELF = YES;
				CLANG_WARN_OBJC_LITERAL_CONVERSION = YES;
				CLANG_WARN_OBJC_ROOT_CLASS = YES_ERROR;
				CLANG_WARN_QUOTED_INCLUDE_IN_FRAMEWORK_HEADER = YES;
				CLANG_WARN_RANGE_LOOP_ANALYSIS = YES;
				CLANG_WARN_STRICT_PROTOTYPES = YES;
				CLANG_WARN_SUSPICIOUS_MOVE = YES;
				CLANG_WARN_UNGUARDED_AVAILABILITY = YES_AGGRESSIVE;
				CLANG_WARN_UNREACHABLE_CODE = YES;
				CLANG_WARN__DUPLICATE_METHOD_MATCH = YES;
				COPY_PHASE_STRIP = NO;
				DEBUG_INFORMATION_FORMAT = "dwarf-with-dsym";
				ENABLE_NS_ASSERTIONS = NO;
				ENABLE_STRICT_OBJC_MSGSEND = YES;
				GCC_C_LANGUAGE_STANDARD = gnu11;
				GCC_NO_COMMON_BLOCKS = YES;
				GCC_WARN_64_TO_32_BIT_CONVERSION = YES;
				GCC_WARN_ABOUT_RETURN_TYPE = YES_ERROR;
				GCC_WARN_UNDECLARED_SELECTOR = YES;
				GCC_WARN_UNINITIALIZED_AUTOS = YES_AGGRESSIVE;
				GCC_WARN_UNUSED_FUNCTION = YES;
				GCC_WARN_UNUSED_VARIABLE = YES;
				IPHONEOS_DEPLOYMENT_TARGET = 14.1;
				MTL_ENABLE_DEBUG_INFO = NO;
				MTL_FAST_MATH = YES;
				SDKROOT = iphoneos;
				SWIFT_COMPILATION_MODE = wholemodule;
				SWIFT_OPTIMIZATION_LEVEL = "-O";
				VALIDATE_PRODUCT = YES;
			};
			name = Release;
		};
		24B9B6E6256E537F005919A3 /* Debug */ = {
			isa = XCBuildConfiguration;
			baseConfigurationReference = 6587CACFAF6D25789F844415 /* Pods-Real.debug.xcconfig */;
			buildSettings = {
				ASSETCATALOG_COMPILER_APPICON_NAME = AppIcon;
				ASSETCATALOG_COMPILER_GLOBAL_ACCENT_COLOR_NAME = AccentColor;
				CODE_SIGN_STYLE = Automatic;
				DEVELOPMENT_TEAM = 668Q4XYSA2;
				INFOPLIST_FILE = Real/Info.plist;
				LD_RUNPATH_SEARCH_PATHS = (
					"$(inherited)",
					"@executable_path/Frameworks",
				);
				PRODUCT_BUNDLE_IDENTIFIER = com.erictang.Real;
				PRODUCT_NAME = "$(TARGET_NAME)";
				SWIFT_VERSION = 5.0;
				TARGETED_DEVICE_FAMILY = "1,2";
			};
			name = Debug;
		};
		24B9B6E7256E537F005919A3 /* Release */ = {
			isa = XCBuildConfiguration;
			baseConfigurationReference = 7A9388F2583D70D3E8EEFDB6 /* Pods-Real.release.xcconfig */;
			buildSettings = {
				ASSETCATALOG_COMPILER_APPICON_NAME = AppIcon;
				ASSETCATALOG_COMPILER_GLOBAL_ACCENT_COLOR_NAME = AccentColor;
				CODE_SIGN_STYLE = Automatic;
				DEVELOPMENT_TEAM = 668Q4XYSA2;
				INFOPLIST_FILE = Real/Info.plist;
				LD_RUNPATH_SEARCH_PATHS = (
					"$(inherited)",
					"@executable_path/Frameworks",
				);
				PRODUCT_BUNDLE_IDENTIFIER = com.erictang.Real;
				PRODUCT_NAME = "$(TARGET_NAME)";
				SWIFT_VERSION = 5.0;
				TARGETED_DEVICE_FAMILY = "1,2";
			};
			name = Release;
		};
/* End XCBuildConfiguration section */

/* Begin XCConfigurationList section */
		24B9B6C9256E537C005919A3 /* Build configuration list for PBXProject "Real" */ = {
			isa = XCConfigurationList;
			buildConfigurations = (
				24B9B6E3256E537F005919A3 /* Debug */,
				24B9B6E4256E537F005919A3 /* Release */,
			);
			defaultConfigurationIsVisible = 0;
			defaultConfigurationName = Release;
		};
		24B9B6E5256E537F005919A3 /* Build configuration list for PBXNativeTarget "Real" */ = {
			isa = XCConfigurationList;
			buildConfigurations = (
				24B9B6E6256E537F005919A3 /* Debug */,
				24B9B6E7256E537F005919A3 /* Release */,
			);
			defaultConfigurationIsVisible = 0;
			defaultConfigurationName = Release;
		};
/* End XCConfigurationList section */

/* Begin XCVersionGroup section */
		24B9B6DA256E537C005919A3 /* Real.xcdatamodeld */ = {
			isa = XCVersionGroup;
			children = (
				24B9B6DB256E537C005919A3 /* Real.xcdatamodel */,
			);
			currentVersion = 24B9B6DB256E537C005919A3 /* Real.xcdatamodel */;
			path = Real.xcdatamodeld;
			sourceTree = "<group>";
			versionGroupType = wrapper.xcdatamodel;
		};
/* End XCVersionGroup section */
	};
	rootObject = 24B9B6C6256E537C005919A3 /* Project object */;
}
